
Microsoft Visual Studio Solution File, Format Version 12.00
# Visual Studio 15
VisualStudioVersion = 15.0.27130.2027
MinimumVisualStudioVersion = 10.0.40219.1
Project("{FAE04EC0-301F-11D3-BF4B-00C04F79EFBC}") = "DemoLayoutOptions.Android", "DemoLayoutOptions\DemoLayoutOptions.Android\DemoLayoutOptions.Android.csproj", "{FCD7A75E-A8B9-483F-95EF-0166D91FE211}"
EndProject
Project("{FAE04EC0-301F-11D3-BF4B-00C04F79EFBC}") = "DemoLayoutOptions.iOS", "DemoLayoutOptions\DemoLayoutOptions.iOS\DemoLayoutOptions.iOS.csproj", "{7F4319A6-00A8-4E70-82DE-6AA3C0676A4A}"
EndProject
Project("{FAE04EC0-301F-11D3-BF4B-00C04F79EFBC}") = "DemoLayoutOptions", "DemoLayoutOptions\DemoLayoutOptions\DemoLayoutOptions.csproj", "{31BEACB2-C748-4481-ACB4-6454C1A1536F}"
EndProject
Global
	GlobalSection(SolutionConfigurationPlatforms) = preSolution
		Ad-Hoc|Any CPU = Ad-Hoc|Any CPU
		Ad-Hoc|iPhone = Ad-Hoc|iPhone
		Ad-Hoc|iPhoneSimulator = Ad-Hoc|iPhoneSimulator
		AppStore|Any CPU = AppStore|Any CPU
		AppStore|iPhone = AppStore|iPhone
		AppStore|iPhoneSimulator = AppStore|iPhoneSimulator
		Debug|Any CPU = Debug|Any CPU
		Debug|iPhone = Debug|iPhone
		Debug|iPhoneSimulator = Debug|iPhoneSimulator
		Release|Any CPU = Release|Any CPU
		Release|iPhone = Release|iPhone
		Release|iPhoneSimulator = Release|iPhoneSimulator
	EndGlobalSection
	GlobalSection(ProjectConfigurationPlatforms) = postSolution
		{FCD7A75E-A8B9-483F-95EF-0166D91FE211}.Ad-Hoc|Any CPU.ActiveCfg = Release|Any CPU
		{FCD7A75E-A8B9-483F-95EF-0166D91FE211}.Ad-Hoc|Any CPU.Build.0 = Release|Any CPU
		{FCD7A75E-A8B9-483F-95EF-0166D91FE211}.Ad-Hoc|Any CPU.Deploy.0 = Release|Any CPU
		{FCD7A75E-A8B9-483F-95EF-0166D91FE211}.Ad-Hoc|iPhone.ActiveCfg = Release|Any CPU
		{FCD7A75E-A8B9-483F-95EF-0166D91FE211}.Ad-Hoc|iPhone.Build.0 = Release|Any CPU
		{FCD7A75E-A8B9-483F-95EF-0166D91FE211}.Ad-Hoc|iPhone.Deploy.0 = Release|Any CPU
		{FCD7A75E-A8B9-483F-95EF-0166D91FE211}.Ad-Hoc|iPhoneSimulator.ActiveCfg = Release|Any CPU
		{FCD7A75E-A8B9-483F-95EF-0166D91FE211}.Ad-Hoc|iPhoneSimulator.Build.0 = Release|Any CPU
		{FCD7A75E-A8B9-483F-95EF-0166D91FE211}.Ad-Hoc|iPhoneSimulator.Deploy.0 = Release|Any CPU
		{FCD7A75E-A8B9-483F-95EF-0166D91FE211}.AppStore|Any CPU.ActiveCfg = Release|Any CPU
		{FCD7A75E-A8B9-483F-95EF-0166D91FE211}.AppStore|Any CPU.Build.0 = Release|Any CPU
		{FCD7A75E-A8B9-483F-95EF-0166D91FE211}.AppStore|Any CPU.Deploy.0 = Release|Any CPU
		{FCD7A75E-A8B9-483F-95EF-0166D91FE211}.AppStore|iPhone.ActiveCfg = Release|Any CPU
		{FCD7A75E-A8B9-483F-95EF-0166D91FE211}.AppStore|iPhone.Build.0 = Release|Any CPU
		{FCD7A75E-A8B9-483F-95EF-0166D91FE211}.AppStore|iPhone.Deploy.0 = Release|Any CPU
		{FCD7A75E-A8B9-483F-95EF-0166D91FE211}.AppStore|iPhoneSimulator.ActiveCfg = Release|Any CPU
		{FCD7A75E-A8B9-483F-95EF-0166D91FE211}.AppStore|iPhoneSimulator.Build.0 = Release|Any CPU
		{FCD7A75E-A8B9-483F-95EF-0166D91FE211}.AppStore|iPhoneSimulator.Deploy.0 = Release|Any CPU
		{FCD7A75E-A8B9-483F-95EF-0166D91FE211}.Debug|Any CPU.ActiveCfg = Debug|Any CPU
		{FCD7A75E-A8B9-483F-95EF-0166D91FE211}.Debug|Any CPU.Build.0 = Debug|Any CPU
		{FCD7A75E-A8B9-483F-95EF-0166D91FE211}.Debug|Any CPU.Deploy.0 = Debug|Any CPU
		{FCD7A75E-A8B9-483F-95EF-0166D91FE211}.Debug|iPhone.ActiveCfg = Debug|Any CPU
		{FCD7A75E-A8B9-483F-95EF-0166D91FE211}.Debug|iPhone.Build.0 = Debug|Any CPU
		{FCD7A75E-A8B9-483F-95EF-0166D91FE211}.Debug|iPhone.Deploy.0 = Debug|Any CPU
		{FCD7A75E-A8B9-483F-95EF-0166D91FE211}.Debug|iPhoneSimulator.ActiveCfg = Debug|Any CPU
		{FCD7A75E-A8B9-483F-95EF-0166D91FE211}.Debug|iPhoneSimulator.Build.0 = Debug|Any CPU
		{FCD7A75E-A8B9-483F-95EF-0166D91FE211}.Debug|iPhoneSimulator.Deploy.0 = Debug|Any CPU
		{FCD7A75E-A8B9-483F-95EF-0166D91FE211}.Release|Any CPU.ActiveCfg = Release|Any CPU
		{FCD7A75E-A8B9-483F-95EF-0166D91FE211}.Release|Any CPU.Build.0 = Release|Any CPU
		{FCD7A75E-A8B9-483F-95EF-0166D91FE211}.Release|Any CPU.Deploy.0 = Release|Any CPU
		{FCD7A75E-A8B9-483F-95EF-0166D91FE211}.Release|iPhone.ActiveCfg = Release|Any CPU
		{FCD7A75E-A8B9-483F-95EF-0166D91FE211}.Release|iPhone.Build.0 = Release|Any CPU
		{FCD7A75E-A8B9-483F-95EF-0166D91FE211}.Release|iPhone.Deploy.0 = Release|Any CPU
		{FCD7A75E-A8B9-483F-95EF-0166D91FE211}.Release|iPhoneSimulator.ActiveCfg = Release|Any CPU
		{FCD7A75E-A8B9-483F-95EF-0166D91FE211}.Release|iPhoneSimulator.Build.0 = Release|Any CPU
		{FCD7A75E-A8B9-483F-95EF-0166D91FE211}.Release|iPhoneSimulator.Deploy.0 = Release|Any CPU
		{7F4319A6-00A8-4E70-82DE-6AA3C0676A4A}.Ad-Hoc|Any CPU.ActiveCfg = Ad-Hoc|iPhone
		{7F4319A6-00A8-4E70-82DE-6AA3C0676A4A}.Ad-Hoc|iPhone.ActiveCfg = Ad-Hoc|iPhone
		{7F4319A6-00A8-4E70-82DE-6AA3C0676A4A}.Ad-Hoc|iPhone.Build.0 = Ad-Hoc|iPhone
		{7F4319A6-00A8-4E70-82DE-6AA3C0676A4A}.Ad-Hoc|iPhoneSimulator.ActiveCfg = Ad-Hoc|iPhoneSimulator
		{7F4319A6-00A8-4E70-82DE-6AA3C0676A4A}.Ad-Hoc|iPhoneSimulator.Build.0 = Ad-Hoc|iPhoneSimulator
		{7F4319A6-00A8-4E70-82DE-6AA3C0676A4A}.AppStore|Any CPU.ActiveCfg = AppStore|iPhone
		{7F4319A6-00A8-4E70-82DE-6AA3C0676A4A}.AppStore|iPhone.ActiveCfg = AppStore|iPhone
		{7F4319A6-00A8-4E70-82DE-6AA3C0676A4A}.AppStore|iPhone.Build.0 = AppStore|iPhone
		{7F4319A6-00A8-4E70-82DE-6AA3C0676A4A}.AppStore|iPhoneSimulator.ActiveCfg = AppStore|iPhoneSimulator
		{7F4319A6-00A8-4E70-82DE-6AA3C0676A4A}.AppStore|iPhoneSimulator.Build.0 = AppStore|iPhoneSimulator
		{7F4319A6-00A8-4E70-82DE-6AA3C0676A4A}.Debug|Any CPU.ActiveCfg = Debug|iPhone
		{7F4319A6-00A8-4E70-82DE-6AA3C0676A4A}.Debug|iPhone.ActiveCfg = Debug|iPhone
		{7F4319A6-00A8-4E70-82DE-6AA3C0676A4A}.Debug|iPhone.Build.0 = Debug|iPhone
		{7F4319A6-00A8-4E70-82DE-6AA3C0676A4A}.Debug|iPhoneSimulator.ActiveCfg = Debug|iPhoneSimulator
		{7F4319A6-00A8-4E70-82DE-6AA3C0676A4A}.Debug|iPhoneSimulator.Build.0 = Debug|iPhoneSimulator
		{7F4319A6-00A8-4E70-82DE-6AA3C0676A4A}.Release|Any CPU.ActiveCfg = Release|iPhone
		{7F4319A6-00A8-4E70-82DE-6AA3C0676A4A}.Release|iPhone.ActiveCfg = Release|iPhone
		{7F4319A6-00A8-4E70-82DE-6AA3C0676A4A}.Release|iPhone.Build.0 = Release|iPhone
		{7F4319A6-00A8-4E70-82DE-6AA3C0676A4A}.Release|iPhoneSimulator.ActiveCfg = Release|iPhoneSimulator
		{7F4319A6-00A8-4E70-82DE-6AA3C0676A4A}.Release|iPhoneSimulator.Build.0 = Release|iPhoneSimulator
		{31BEACB2-C748-4481-ACB4-6454C1A1536F}.Ad-Hoc|Any CPU.ActiveCfg = Debug|Any CPU
		{31BEACB2-C748-4481-ACB4-6454C1A1536F}.Ad-Hoc|Any CPU.Build.0 = Debug|Any CPU
		{31BEACB2-C748-4481-ACB4-6454C1A1536F}.Ad-Hoc|iPhone.ActiveCfg = Debug|Any CPU
		{31BEACB2-C748-4481-ACB4-6454C1A1536F}.Ad-Hoc|iPhone.Build.0 = Debug|Any CPU
		{31BEACB2-C748-4481-ACB4-6454C1A1536F}.Ad-Hoc|iPhoneSimulator.ActiveCfg = Debug|Any CPU
		{31BEACB2-C748-4481-ACB4-6454C1A1536F}.Ad-Hoc|iPhoneSimulator.Build.0 = Debug|Any CPU
		{31BEACB2-C748-4481-ACB4-6454C1A1536F}.AppStore|Any CPU.ActiveCfg = Debug|Any CPU
		{31BEACB2-C748-4481-ACB4-6454C1A1536F}.AppStore|Any CPU.Build.0 = Debug|Any CPU
		{31BEACB2-C748-4481-ACB4-6454C1A1536F}.AppStore|iPhone.ActiveCfg = Debug|Any CPU
		{31BEACB2-C748-4481-ACB4-6454C1A1536F}.AppStore|iPhone.Build.0 = Debug|Any CPU
		{31BEACB2-C748-4481-ACB4-6454C1A1536F}.AppStore|iPhoneSimulator.ActiveCfg = Debug|Any CPU
		{31BEACB2-C748-4481-ACB4-6454C1A1536F}.AppStore|iPhoneSimulator.Build.0 = Debug|Any CPU
		{31BEACB2-C748-4481-ACB4-6454C1A1536F}.Debug|Any CPU.ActiveCfg = Debug|Any CPU
		{31BEACB2-C748-4481-ACB4-6454C1A1536F}.Debug|Any CPU.Build.0 = Debug|Any CPU
		{31BEACB2-C748-4481-ACB4-6454C1A1536F}.Debug|iPhone.ActiveCfg = Debug|Any CPU
		{31BEACB2-C748-4481-ACB4-6454C1A1536F}.Debug|iPhone.Build.0 = Debug|Any CPU
		{31BEACB2-C748-4481-ACB4-6454C1A1536F}.Debug|iPhoneSimulator.ActiveCfg = Debug|Any CPU
		{31BEACB2-C748-4481-ACB4-6454C1A1536F}.Debug|iPhoneSimulator.Build.0 = Debug|Any CPU
		{31BEACB2-C748-4481-ACB4-6454C1A1536F}.Release|Any CPU.ActiveCfg = Release|Any CPU
		{31BEACB2-C748-4481-ACB4-6454C1A1536F}.Release|Any CPU.Build.0 = Release|Any CPU
		{31BEACB2-C748-4481-ACB4-6454C1A1536F}.Release|iPhone.ActiveCfg = Release|Any CPU
		{31BEACB2-C748-4481-ACB4-6454C1A1536F}.Release|iPhone.Build.0 = Release|Any CPU
		{31BEACB2-C748-4481-ACB4-6454C1A1536F}.Release|iPhoneSimulator.ActiveCfg = Release|Any CPU
		{31BEACB2-C748-4481-ACB4-6454C1A1536F}.Release|iPhoneSimulator.Build.0 = Release|Any CPU
	EndGlobalSection
	GlobalSection(SolutionProperties) = preSolution
		HideSolutionNode = FALSE
	EndGlobalSection
	GlobalSection(ExtensibilityGlobals) = postSolution
		SolutionGuid = {15C192BE-FAC2-4FB7-8FBC-0C9C16899084}
	EndGlobalSection
EndGlobal
